<?xml version="1.0" encoding="utf-8"?>
<Project ToolsVersion="4.0" xmlns="http://schemas.microsoft.com/developer/msbuild/2003">
  <ItemGroup>
    <Filter Include="Quelldateien">
      <UniqueIdentifier>{4FC737F1-C7A5-4376-A066-2A32D752A2FF}</UniqueIdentifier>
      <Extensions>cpp;c;cc;cxx;def;odl;idl;hpj;bat;asm;asmx</Extensions>
    </Filter>
    <Filter Include="Headerdateien">
      <UniqueIdentifier>{93995380-89BD-4b04-88EB-625FBE52EBFB}</UniqueIdentifier>
      <Extensions>h;hh;hpp;hxx;hm;inl;inc;ipp;xsd</Extensions>
    </Filter>
    <Filter Include="Ressourcendateien">
      <UniqueIdentifier>{67DA6AB6-F800-4c08-8B7A-83BB121AAD01}</UniqueIdentifier>
      <Extensions>rc;ico;cur;bmp;dlg;rc2;rct;bin;rgs;gif;jpg;jpeg;jpe;resx;tiff;tif;png;wav;mfcribbon-ms</Extensions>
    </Filter>
    <Filter Include="Headerdateien\OpenGL">
      <UniqueIdentifier>{ecc84e3e-ac93-4b7f-a926-3b577a07c524}</UniqueIdentifier>
    </Filter>
    <Filter Include="Ressourcendateien\OpenGL">
      <UniqueIdentifier>{fe3e34b5-85f7-4da4-a7ff-34388420bfd6}</UniqueIdentifier>
    </Filter>
    <Filter Include="Headerdateien\Application">
      <UniqueIdentifier>{137e2e13-daf7-4732-86e8-12ea33dd0c71}</UniqueIdentifier>
    </Filter>
    <Filter Include="Ressourcendateien\OpenGL\Shader">
      <UniqueIdentifier>{0a245c26-c6a3-4495-a474-acd1943d0d56}</UniqueIdentifier>
    </Filter>
  </ItemGroup>
  <ItemGroup>
    <ClCompile Include="Source\main.cpp">
      <Filter>Quelldateien</Filter>
    </ClCompile>
    <ClCompile Include="Source\Updateable.cpp">
      <Filter>Quelldateien</Filter>
    </ClCompile>
    <ClCompile Include="Source\Drawable.cpp">
      <Filter>Quelldateien</Filter>
    </ClCompile>
    <ClCompile Include="Source\Listed.cpp">
      <Filter>Quelldateien</Filter>
    </ClCompile>
    <ClCompile Include="Source\ListProcessor.cpp">
      <Filter>Quelldateien</Filter>
    </ClCompile>
    <ClCompile Include="Source\Scene.cpp">
      <Filter>Quelldateien</Filter>
    </ClCompile>
    <ClCompile Include="Source\Rectangle.cpp">
      <Filter>Quelldateien</Filter>
    </ClCompile>
    <ClCompile Include="Source\MatrixMath.cpp">
      <Filter>Quelldateien</Filter>
    </ClCompile>
    <ClCompile Include="Source\Environment.cpp">
      <Filter>Quelldateien</Filter>
    </ClCompile>
    <ClCompile Include="Source\Car.cpp">
      <Filter>Quelldateien</Filter>
    </ClCompile>
    <ClCompile Include="Source\Line.cpp">
      <Filter>Quelldateien</Filter>
    </ClCompile>
    <ClCompile Include="Source\Collidable.cpp">
      <Filter>Quelldateien</Filter>
    </ClCompile>
    <ClCompile Include="Source\Wall.cpp">
      <Filter>Quelldateien</Filter>
    </ClCompile>
    <ClCompile Include="Source\Track.cpp">
      <Filter>Quelldateien</Filter>
    </ClCompile>
    <ClCompile Include="Source\Pilot.cpp">
      <Filter>Quelldateien</Filter>
    </ClCompile>
    <ClCompile Include="Source\NeuralNet.cpp">
      <Filter>Quelldateien</Filter>
    </ClCompile>
    <ClCompile Include="Source\NeuralPilot.cpp">
      <Filter>Quelldateien</Filter>
    </ClCompile>
    <ClCompile Include="Source\NeuralTrainer.cpp">
      <Filter>Quelldateien</Filter>
    </ClCompile>
    <ClCompile Include="Source\Circle.cpp">
      <Filter>Quelldateien</Filter>
    </ClCompile>
    <ClCompile Include="Source\Sensor.cpp">
      <Filter>Quelldateien</Filter>
    </ClCompile>
    <ClCompile Include="Source\Curve.cpp">
      <Filter>Quelldateien</Filter>
    </ClCompile>
    <ClCompile Include="Source\NeuralVisualization.cpp">
      <Filter>Quelldateien</Filter>
    </ClCompile>
  </ItemGroup>
  <ItemGroup>
    <ClInclude Include="Source\OpenGL\eglew.h">
      <Filter>Headerdateien\OpenGL</Filter>
    </ClInclude>
    <ClInclude Include="Source\OpenGL\glew.h">
      <Filter>Headerdateien\OpenGL</Filter>
    </ClInclude>
    <ClInclude Include="Source\OpenGL\glxew.h">
      <Filter>Headerdateien\OpenGL</Filter>
    </ClInclude>
    <ClInclude Include="Source\OpenGL\wglew.h">
      <Filter>Headerdateien\OpenGL</Filter>
    </ClInclude>
    <ClInclude Include="Source\OpenGL\glfw3.h">
      <Filter>Headerdateien\OpenGL</Filter>
    </ClInclude>
    <ClInclude Include="Source\OpenGL\glfw3native.h">
      <Filter>Headerdateien\OpenGL</Filter>
    </ClInclude>
    <ClInclude Include="Source\Updateable.h">
      <Filter>Headerdateien\Application</Filter>
    </ClInclude>
    <ClInclude Include="Source\Drawable.h">
      <Filter>Headerdateien\Application</Filter>
    </ClInclude>
    <ClInclude Include="Source\Listed.h">
      <Filter>Headerdateien\Application</Filter>
    </ClInclude>
    <ClInclude Include="Source\ListProcessor.h">
      <Filter>Headerdateien\Application</Filter>
    </ClInclude>
    <ClInclude Include="Source\Scene.h">
      <Filter>Headerdateien\Application</Filter>
    </ClInclude>
    <ClInclude Include="Source\stdafx.h">
      <Filter>Headerdateien\Application</Filter>
    </ClInclude>
    <ClInclude Include="Source\MatrixMath.h">
      <Filter>Headerdateien\Application</Filter>
    </ClInclude>
    <ClInclude Include="Source\Environment.h">
      <Filter>Headerdateien\Application</Filter>
    </ClInclude>
    <ClInclude Include="Source\Car.h">
      <Filter>Headerdateien\Application</Filter>
    </ClInclude>
    <ClInclude Include="Source\Rectangle.h">
      <Filter>Headerdateien\Application</Filter>
    </ClInclude>
    <ClInclude Include="Source\Line.h">
      <Filter>Headerdateien\Application</Filter>
    </ClInclude>
    <ClInclude Include="Source\Collidable.h">
      <Filter>Headerdateien\Application</Filter>
    </ClInclude>
    <ClInclude Include="Source\Wall.h">
      <Filter>Headerdateien\Application</Filter>
    </ClInclude>
    <ClInclude Include="Source\Track.h">
      <Filter>Headerdateien\Application</Filter>
    </ClInclude>
    <ClInclude Include="Source\Pilot.h">
      <Filter>Headerdateien\Application</Filter>
    </ClInclude>
    <ClInclude Include="Source\NeuralNet.h">
      <Filter>Headerdateien\Application</Filter>
    </ClInclude>
    <ClInclude Include="Source\NeuralPilot.h">
      <Filter>Headerdateien\Application</Filter>
    </ClInclude>
    <ClInclude Include="Source\NeuralTrainer.h">
      <Filter>Headerdateien\Application</Filter>
    </ClInclude>
    <ClInclude Include="Source\Circle.h">
      <Filter>Headerdateien\Application</Filter>
    </ClInclude>
    <ClInclude Include="Source\Sensor.h">
      <Filter>Headerdateien\Application</Filter>
    </ClInclude>
    <ClInclude Include="Source\Curve.h">
      <Filter>Headerdateien\Application</Filter>
    </ClInclude>
    <ClInclude Include="Source\NeuralVisualization.h">
      <Filter>Headerdateien\Application</Filter>
    </ClInclude>
  </ItemGroup>
  <ItemGroup>
    <Library Include="Libraries\glew32.lib">
      <Filter>Ressourcendateien\OpenGL</Filter>
    </Library>
    <Library Include="Libraries\glew32s.lib">
      <Filter>Ressourcendateien\OpenGL</Filter>
    </Library>
    <Library Include="Libraries\glfw3.lib">
      <Filter>Ressourcendateien\OpenGL</Filter>
    </Library>
    <Library Include="Libraries\glfw3dll.lib">
      <Filter>Ressourcendateien\OpenGL</Filter>
    </Library>
  </ItemGroup>
  <ItemGroup>
    <None Include="Binaries\DLLs_just_in_case\glew32.dll">
      <Filter>Ressourcendateien\OpenGL</Filter>
    </None>
    <None Include="Binaries\DLLs_just_in_case\glfw3.dll">
      <Filter>Ressourcendateien\OpenGL</Filter>
    </None>
    <None Include="Source\OpenGL\fragmentShader.glsl">
      <Filter>Ressourcendateien\OpenGL\Shader</Filter>
    </None>
    <None Include="Source\OpenGL\vertexShader.glsl">
      <Filter>Ressourcendateien\OpenGL\Shader</Filter>
    </None>
  </ItemGroup>
</Project>